// !$*UTF8*$!
{
	archiveVersion = 1;
	classes = {
	};
	objectVersion = 50;
	objects = {

/* Begin PBXBuildFile section */
		69C3BF3521C74E34001E3AA6 /* AppDelegate.swift in Sources */ = {isa = PBXBuildFile; fileRef = 69C3BF3421C74E34001E3AA6 /* AppDelegate.swift */; };
		69C3BF3721C74E34001E3AA6 /* ViewController.swift in Sources */ = {isa = PBXBuildFile; fileRef = 69C3BF3621C74E34001E3AA6 /* ViewController.swift */; };
		69C3BF3A21C74E34001E3AA6 /* Main.storyboard in Resources */ = {isa = PBXBuildFile; fileRef = 69C3BF3821C74E34001E3AA6 /* Main.storyboard */; };
		69C3BF3C21C74E35001E3AA6 /* Assets.xcassets in Resources */ = {isa = PBXBuildFile; fileRef = 69C3BF3B21C74E35001E3AA6 /* Assets.xcassets */; };
		69C3BF3F21C74E35001E3AA6 /* LaunchScreen.storyboard in Resources */ = {isa = PBXBuildFile; fileRef = 69C3BF3D21C74E35001E3AA6 /* LaunchScreen.storyboard */; };
		69F9C52921C78D280028262A /* KakaoOpenSDK.framework in Frameworks */ = {isa = PBXBuildFile; fileRef = 69F9C52821C78D280028262A /* KakaoOpenSDK.framework */; };
/* End PBXBuildFile section */

/* Begin PBXFileReference section */
		69C3BF3121C74E34001E3AA6 /* kakaoLoginTest.app */ = {isa = PBXFileReference; explicitFileType = wrapper.application; includeInIndex = 0; path = kakaoLoginTest.app; sourceTree = BUILT_PRODUCTS_DIR; };
		69C3BF3421C74E34001E3AA6 /* AppDelegate.swift */ = {isa = PBXFileReference; lastKnownFileType = sourcecode.swift; path = AppDelegate.swift; sourceTree = "<group>"; };
		69C3BF3621C74E34001E3AA6 /* ViewController.swift */ = {isa = PBXFileReference; lastKnownFileType = sourcecode.swift; path = ViewController.swift; sourceTree = "<group>"; };
		69C3BF3921C74E34001E3AA6 /* Base */ = {isa = PBXFileReference; lastKnownFileType = file.storyboard; name = Base; path = Base.lproj/Main.storyboard; sourceTree = "<group>"; };
		69C3BF3B21C74E35001E3AA6 /* Assets.xcassets */ = {isa = PBXFileReference; lastKnownFileType = folder.assetcatalog; path = Assets.xcassets; sourceTree = "<group>"; };
		69C3BF3E21C74E35001E3AA6 /* Base */ = {isa = PBXFileReference; lastKnownFileType = file.storyboard; name = Base; path = Base.lproj/LaunchScreen.storyboard; sourceTree = "<group>"; };
		69C3BF4021C74E35001E3AA6 /* Info.plist */ = {isa = PBXFileReference; lastKnownFileType = text.plist.xml; path = Info.plist; sourceTree = "<group>"; };
		69F9C51F21C772120028262A /* Bridging_Header.h */ = {isa = PBXFileReference; lastKnownFileType = sourcecode.c.h; path = Bridging_Header.h; sourceTree = "<group>"; };
		69F9C52821C78D280028262A /* KakaoOpenSDK.framework */ = {isa = PBXFileReference; lastKnownFileType = wrapper.framework; name = KakaoOpenSDK.framework; path = Frameworks/KakaoOpenSDK.framework; sourceTree = "<group>"; };
/* End PBXFileReference section */

/* Begin PBXFrameworksBuildPhase section */
		69C3BF2E21C74E34001E3AA6 /* Frameworks */ = {
			isa = PBXFrameworksBuildPhase;
			buildActionMask = 2147483647;
			files = (
				69F9C52921C78D280028262A /* KakaoOpenSDK.framework in Frameworks */,
			);
			runOnlyForDeploymentPostprocessing = 0;
		};
/* End PBXFrameworksBuildPhase section */

/* Begin PBXGroup section */
		69C3BF2821C74E34001E3AA6 = {
			isa = PBXGroup;
			children = (
				69C3BF3321C74E34001E3AA6 /* kakaoLoginTest */,
				69C3BF3221C74E34001E3AA6 /* Products */,
				69F9C52321C78C410028262A /* Frameworks */,
			);
			sourceTree = "<group>";
		};
		69C3BF3221C74E34001E3AA6 /* Products */ = {
			isa = PBXGroup;
			children = (
				69C3BF3121C74E34001E3AA6 /* kakaoLoginTest.app */,
			);
			name = Products;
			sourceTree = "<group>";
		};
		69C3BF3321C74E34001E3AA6 /* kakaoLoginTest */ = {
			isa = PBXGroup;
			children = (
				69C3BF3421C74E34001E3AA6 /* AppDelegate.swift */,
				69C3BF3621C74E34001E3AA6 /* ViewController.swift */,
				69C3BF3821C74E34001E3AA6 /* Main.storyboard */,
				69C3BF3B21C74E35001E3AA6 /* Assets.xcassets */,
				69C3BF3D21C74E35001E3AA6 /* LaunchScreen.storyboard */,
				69C3BF4021C74E35001E3AA6 /* Info.plist */,
				69F9C51F21C772120028262A /* Bridging_Header.h */,
			);
			path = kakaoLoginTest;
			sourceTree = "<group>";
		};
		69F9C52321C78C410028262A /* Frameworks */ = {
			isa = PBXGroup;
			children = (
				69F9C52821C78D280028262A /* KakaoOpenSDK.framework */,
			);
			name = Frameworks;
			sourceTree = "<group>";
		};
/* End PBXGroup section */

/* Begin PBXNativeTarget section */
		69C3BF3021C74E34001E3AA6 /* kakaoLoginTest */ = {
			isa = PBXNativeTarget;
			buildConfigurationList = 69C3BF4321C74E35001E3AA6 /* Build configuration list for PBXNativeTarget "kakaoLoginTest" */;
			buildPhases = (
				69C3BF2D21C74E34001E3AA6 /* Sources */,
				69C3BF2E21C74E34001E3AA6 /* Frameworks */,
				69C3BF2F21C74E34001E3AA6 /* Resources */,
			);
			buildRules = (
			);
			dependencies = (
			);
			name = kakaoLoginTest;
			productName = kakaoLoginTest;
			productReference = 69C3BF3121C74E34001E3AA6 /* kakaoLoginTest.app */;
			productType = "com.apple.product-type.application";
		};
/* End PBXNativeTarget section */

/* Begin PBXProject section */
		69C3BF2921C74E34001E3AA6 /* Project object */ = {
			isa = PBXProject;
			attributes = {
				LastSwiftUpdateCheck = 1010;
				LastUpgradeCheck = 1010;
				ORGANIZATIONNAME = "HUONE Inc.";
				TargetAttributes = {
					69C3BF3021C74E34001E3AA6 = {
						CreatedOnToolsVersion = 10.1;
					};
				};
			};
			buildConfigurationList = 69C3BF2C21C74E34001E3AA6 /* Build configuration list for PBXProject "kakaoLoginTest" */;
			compatibilityVersion = "Xcode 9.3";
			developmentRegion = en;
			hasScannedForEncodings = 0;
			knownRegions = (
				en,
				Base,
			);
			mainGroup = 69C3BF2821C74E34001E3AA6;
			productRefGroup = 69C3BF3221C74E34001E3AA6 /* Products */;
			projectDirPath = "";
			projectRoot = "";
			targets = (
				69C3BF3021C74E34001E3AA6 /* kakaoLoginTest */,
			);
		};
/* End PBXProject section */

/* Begin PBXResourcesBuildPhase section */
		69C3BF2F21C74E34001E3AA6 /* Resources */ = {
			isa = PBXResourcesBuildPhase;
			buildActionMask = 2147483647;
			files = (
				69C3BF3F21C74E35001E3AA6 /* LaunchScreen.storyboard in Resources */,
				69C3BF3C21C74E35001E3AA6 /* Assets.xcassets in Resources */,
				69C3BF3A21C74E34001E3AA6 /* Main.storyboard in Resources */,
			);
			runOnlyForDeploymentPostprocessing = 0;
		};
/* End PBXResourcesBuildPhase section */

/* Begin PBXSourcesBuildPhase section */
		69C3BF2D21C74E34001E3AA6 /* Sources */ = {
			isa = PBXSourcesBuildPhase;
			buildActionMask = 2147483647;
			files = (
				69C3BF3721C74E34001E3AA6 /* ViewController.swift in Sources */,
				69C3BF3521C74E34001E3AA6 /* AppDelegate.swift in Sources */,
			);
			runOnlyForDeploymentPostprocessing = 0;
		};
/* End PBXSourcesBuildPhase section */

/* Begin PBXVariantGroup section */
		69C3BF3821C74E34001E3AA6 /* Main.storyboard */ = {
			isa = PBXVariantGroup;
			children = (
				69C3BF3921C74E34001E3AA6 /* Base */,
			);
			name = Main.storyboard;
			sourceTree = "<group>";
		};
		69C3BF3D21C74E35001E3AA6 /* LaunchScreen.storyboard */ = {
			isa = PBXVariantGroup;
			children = (
				69C3BF3E21C74E35001E3AA6 /* Base */,
			);
			name = LaunchScreen.storyboard;
			sourceTree = "<group>";
		};
/* End PBXVariantGroup section */

/* Begin XCBuildConfiguration section */
		69C3BF4121C74E35001E3AA6 /* Debug */ = {
			isa = XCBuildConfiguration;
			buildSettings = {
				ALWAYS_SEARCH_USER_PATHS = NO;
				CLANG_ANALYZER_NONNULL = YES;
				CLANG_ANALYZER_NUMBER_OBJECT_CONVERSION = YES_AGGRESSIVE;
				CLANG_CXX_LANGUAGE_STANDARD = "gnu++14";
				CLANG_CXX_LIBRARY = "libc++";
				CLANG_ENABLE_MODULES = YES;
				CLANG_ENABLE_OBJC_ARC = YES;
				CLANG_ENABLE_OBJC_WEAK = YES;
				CLANG_WARN_BLOCK_CAPTURE_AUTORELEASING = YES;
				CLANG_WARN_BOOL_CONVERSION = YES;
				CLANG_WARN_COMMA = YES;
				CLANG_WARN_CONSTANT_CONVERSION = YES;
				CLANG_WARN_DEPRECATED_OBJC_IMPLEMENTATIONS = YES;
				CLANG_WARN_DIRECT_OBJC_ISA_USAGE = YES_ERROR;
				CLANG_WARN_DOCUMENTATION_COMMENTS = YES;
				CLANG_WARN_EMPTY_BODY = YES;
				CLANG_WARN_ENUM_CONVERSION = YES;
				CLANG_WARN_INFINITE_RECURSION = YES;
				CLANG_WARN_INT_CONVERSION = YES;
				CLANG_WARN_NON_LITERAL_NULL_CONVERSION = YES;
				CLANG_WARN_OBJC_IMPLICIT_RETAIN_SELF = YES;
				CLANG_WARN_OBJC_LITERAL_CONVERSION = YES;
				CLANG_WARN_OBJC_ROOT_CLASS = YES_ERROR;
				CLANG_WARN_RANGE_LOOP_ANALYSIS = YES;
				CLANG_WARN_STRICT_PROTOTYPES = YES;
				CLANG_WARN_SUSPICIOUS_MOVE = YES;
				CLANG_WARN_UNGUARDED_AVAILABILITY = YES_AGGRESSIVE;
				CLANG_WARN_UNREACHABLE_CODE = YES;
				CLANG_WARN__DUPLICATE_METHOD_MATCH = YES;
				CODE_SIGN_IDENTITY = "iPhone Developer";
				COPY_PHASE_STRIP = NO;
				DEBUG_INFORMATION_FORMAT = dwarf;
				ENABLE_STRICT_OBJC_MSGSEND = YES;
				ENABLE_TESTABILITY = YES;
				GCC_C_LANGUAGE_STANDARD = gnu11;
				GCC_DYNAMIC_NO_PIC = NO;
				GCC_NO_COMMON_BLOCKS = YES;
				GCC_OPTIMIZATION_LEVEL = 0;
				GCC_PREPROCESSOR_DEFINITIONS = (
					"DEBUG=1",
					"$(inherited)",
				);
				GCC_WARN_64_TO_32_BIT_CONVERSION = YES;
				GCC_WARN_ABOUT_RETURN_TYPE = YES_ERROR;
				GCC_WARN_UNDECLARED_SELECTOR = YES;
				GCC_WARN_UNINITIALIZED_AUTOS = YES_AGGRESSIVE;
				GCC_WARN_UNUSED_FUNCTION = YES;
				GCC_WARN_UNUSED_VARIABLE = YES;
				IPHONEOS_DEPLOYMENT_TARGET = 12.1;
				MTL_ENABLE_DEBUG_INFO = INCLUDE_SOURCE;
				MTL_FAST_MATH = YES;
				ONLY_ACTIVE_ARCH = YES;
				SDKROOT = iphoneos;
				SWIFT_ACTIVE_COMPILATION_CONDITIONS = DEBUG;
				SWIFT_OPTIMIZATION_LEVEL = "-Onone";
			};
			name = Debug;
		};
		69C3BF4221C74E35001E3AA6 /* Release */ = {
			isa = XCBuildConfiguration;
			buildSettings = {
				ALWAYS_SEARCH_USER_PATHS = NO;
				CLANG_ANALYZER_NONNULL = YES;
				CLANG_ANALYZER_NUMBER_OBJECT_CONVERSION = YES_AGGRESSIVE;
				CLANG_CXX_LANGUAGE_STANDARD = "gnu++14";
				CLANG_CXX_LIBRARY = "libc++";
				CLANG_ENABLE_MODULES = YES;
				CLANG_ENABLE_OBJC_ARC = YES;
				CLANG_ENABLE_OBJC_WEAK = YES;
				CLANG_WARN_BLOCK_CAPTURE_AUTORELEASING = YES;
				CLANG_WARN_BOOL_CONVERSION = YES;
				CLANG_WARN_COMMA = YES;
				CLANG_WARN_CONSTANT_CONVERSION = YES;
				CLANG_WARN_DEPRECATED_OBJC_IMPLEMENTATIONS = YES;
				CLANG_WARN_DIRECT_OBJC_ISA_USAGE = YES_ERROR;
				CLANG_WARN_DOCUMENTATION_COMMENTS = YES;
				CLANG_WARN_EMPTY_BODY = YES;
				CLANG_WARN_ENUM_CONVERSION = YES;
				CLANG_WARN_INFINITE_RECURSION = YES;
				CLANG_WARN_INT_CONVERSION = YES;
				CLANG_WARN_NON_LITERAL_NULL_CONVERSION = YES;
				CLANG_WARN_OBJC_IMPLICIT_RETAIN_SELF = YES;
				CLANG_WARN_OBJC_LITERAL_CONVERSION = YES;
				CLANG_WARN_OBJC_ROOT_CLASS = YES_ERROR;
				CLANG_WARN_RANGE_LOOP_ANALYSIS = YES;
				CLANG_WARN_STRICT_PROTOTYPES = YES;
				CLANG_WARN_SUSPICIOUS_MOVE = YES;
				CLANG_WARN_UNGUARDED_AVAILABILITY = YES_AGGRESSIVE;
				CLANG_WARN_UNREACHABLE_CODE = YES;
				CLANG_WARN__DUPLICATE_METHOD_MATCH = YES;
				CODE_SIGN_IDENTITY = "iPhone Developer";
				COPY_PHASE_STRIP = NO;
				DEBUG_INFORMATION_FORMAT = "dwarf-with-dsym";
				ENABLE_NS_ASSERTIONS = NO;
				ENABLE_STRICT_OBJC_MSGSEND = YES;
				GCC_C_LANGUAGE_STANDARD = gnu11;
				GCC_NO_COMMON_BLOCKS = YES;
				GCC_WARN_64_TO_32_BIT_CONVERSION = YES;
				GCC_WARN_ABOUT_RETURN_TYPE = YES_ERROR;
				GCC_WARN_UNDECLARED_SELECTOR = YES;
				GCC_WARN_UNINITIALIZED_AUTOS = YES_AGGRESSIVE;
				GCC_WARN_UNUSED_FUNCTION = YES;
				GCC_WARN_UNUSED_VARIABLE = YES;
				IPHONEOS_DEPLOYMENT_TARGET = 12.1;
				MTL_ENABLE_DEBUG_INFO = NO;
				MTL_FAST_MATH = YES;
				SDKROOT = iphoneos;
				SWIFT_COMPILATION_MODE = wholemodule;
				SWIFT_OPTIMIZATION_LEVEL = "-O";
				VALIDATE_PRODUCT = YES;
			};
			name = Release;
		};
		69C3BF4421C74E35001E3AA6 /* Debug */ = {
			isa = XCBuildConfiguration;
			buildSettings = {
				ASSETCATALOG_COMPILER_APPICON_NAME = AppIcon;
				CODE_SIGN_STYLE = Automatic;
				DEVELOPMENT_TEAM = K6WL4XV693;
				FRAMEWORK_SEARCH_PATHS = (
					"$(inherited)",
					"$(PROJECT_DIR)",
					"$(PROJECT_DIR)/Frameworks",
				);
				INFOPLIST_FILE = kakaoLoginTest/Info.plist;
				IPHONEOS_DEPLOYMENT_TARGET = 9.0;
				LD_RUNPATH_SEARCH_PATHS = (
					"$(inherited)",
					"@executable_path/Frameworks",
				);
				OTHER_LDFLAGS = "-all_load";
				PRODUCT_BUNDLE_IDENTIFIER = com.timely.kr.kakaoLoginTest;
				PRODUCT_NAME = "$(TARGET_NAME)";
				SWIFT_OBJC_BRIDGING_HEADER = kakaoLoginTest/Bridging_Header.h;
				SWIFT_VERSION = 4.2;
				TARGETED_DEVICE_FAMILY = 1;
			};
			name = Debug;
		};
		69C3BF4521C74E35001E3AA6 /* Release */ = {
			isa = XCBuildConfiguration;
			buildSettings = {
				ASSETCATALOG_COMPILER_APPICON_NAME = AppIcon;
				CODE_SIGN_STYLE = Automatic;
				DEVELOPMENT_TEAM = K6WL4XV693;
				FRAMEWORK_SEARCH_PATHS = (
					"$(inherited)",
					"$(PROJECT_DIR)",
					"$(PROJECT_DIR)/Frameworks",
				);
				INFOPLIST_FILE = kakaoLoginTest/Info.plist;
				IPHONEOS_DEPLOYMENT_TARGET = 9.0;
				LD_RUNPATH_SEARCH_PATHS = (
					"$(inherited)",
					"@executable_path/Frameworks",
				);
				OTHER_LDFLAGS = "-all_load";
				PRODUCT_BUNDLE_IDENTIFIER = com.timely.kr.kakaoLoginTest;
				PRODUCT_NAME = "$(TARGET_NAME)";
				SWIFT_OBJC_BRIDGING_HEADER = kakaoLoginTest/Bridging_Header.h;
				SWIFT_VERSION = 4.2;
				TARGETED_DEVICE_FAMILY = 1;
			};
			name = Release;
		};
/* End XCBuildConfiguration section */

/* Begin XCConfigurationList section */
		69C3BF2C21C74E34001E3AA6 /* Build configuration list for PBXProject "kakaoLoginTest" */ = {
			isa = XCConfigurationList;
			buildConfigurations = (
				69C3BF4121C74E35001E3AA6 /* Debug */,
				69C3BF4221C74E35001E3AA6 /* Release */,
			);
			defaultConfigurationIsVisible = 0;
			defaultConfigurationName = Release;
		};
		69C3BF4321C74E35001E3AA6 /* Build configuration list for PBXNativeTarget "kakaoLoginTest" */ = {
			isa = XCConfigurationList;
			buildConfigurations = (
				69C3BF4421C74E35001E3AA6 /* Debug */,
				69C3BF4521C74E35001E3AA6 /* Release */,
			);
			defaultConfigurationIsVisible = 0;
			defaultConfigurationName = Release;
		};
/* End XCConfigurationList section */
	};
	rootObject = 69C3BF2921C74E34001E3AA6 /* Project object */;
}
